version: 2.0
shards:
  ameba:
    git: https://github.com/crystal-ameba/ameba.git
    version: 1.6.1

  cute:
    git: https://github.com/papierkorb/cute.git
    version: 0.4.0

  db:
    git: https://github.com/crystal-lang/crystal-db.git
    version: 0.12.0

  duckdb:
    git: https://github.com/amauryt/crystal-duckdb.git
    version: 0.2.4

  fancyline:
    git: https://github.com/papierkorb/fancyline.git
    version: 0.4.1

  future:
    git: https://github.com/crystal-community/future.cr.git
    version: 1.0.0

  xid:
    git: https://github.com/lost22git/xid.cr.git
    version: 0.1.0+git.commit.20daf4f76b451e5322c14fd7f290106bd8cb94e1

